{
  "nodes": {
    "den": {
      "locked": {
        "lastModified": 1783011234,
        "narHash": "sha256-qB7uYBoWlng5aoPWa3YgvZ6suVc0hd97qkuDHuvE7O0=",
        "owner": "denful",
        "repo": "den",
        "rev": "1614f6f8ed435c5bb257408bf91fd662f9aac43e",
        "type": "github"
      },
      "original": {
        "owner": "denful",
        "repo": "den",
        "type": "github"
      }
    },
    "disko": {
      "inputs": {
        "nixpkgs": [
          "nixpkgs"
        ]
      },
      "locked": {
        "lastModified": 1781152676,
        "narHash": "sha256-RxWs5ND31KzTG7wvMM+PMfUjyNpmIEr999lqNARaM5o=",
        "owner": "nix-community",
        "repo": "disko",
        "rev": "ff8702b4de27f72b4c78573dfb89ec74e36abdf1",
        "type": "github"
      },
      "original": {
        "owner": "nix-community",
        "repo": "disko",
        "type": "github"
      }
    },
    "doomdir": {
      "flake": false,
      "locked": {
        "lastModified": 1783603851,
        "narHash": "sha256-PXn0v4NR75U7/FpkaZ9GD6HPepVY5vVT48tMd1tMgdQ=",
        "owner": "marienz",
        "repo": "nix-doom-emacs-unstraightened",
        "rev": "4c63e8a411f815bd2473e5ced94dc4b8bf31d240",
        "type": "github"
      },
      "original": {
        "owner": "marienz",
        "ref": "doomdir",
        "repo": "nix-doom-emacs-unstraightened",
        "type": "github"
      }
    },
    "doomemacs": {
      "flake": false,
      "locked": {
        "lastModified": 1783093997,
        "narHash": "sha256-oIZAGdY1EYMWUyuHMSlLGk9Zv5iEYXigZ4v3bSgdr6c=",
        "owner": "doomemacs",
        "repo": "core",
        "rev": "8e4fbbae048a9abe897bf1878cbd32732a6d41d7",
        "type": "github"
      },
      "original": {
        "owner": "doomemacs",
        "repo": "core",
        "type": "github"
      }
    },
    "doomemacs-modules": {
      "flake": false,
      "locked": {
        "lastModified": 1782931200,
        "narHash": "sha256-jzC96RZXEVuGD+qdoTmuzd8PcrqnH+38B7jc6kVfTeQ=",
        "owner": "doomemacs",
        "repo": "modules",
        "rev": "7a3c5a14ec18b088183166dfab560000078e4bea",
        "type": "github"
      },
      "original": {
        "owner": "doomemacs",
        "repo": "modules",
        "type": "github"
      }
    },
    "emacs-overlay": {
      "inputs": {
        "nixpkgs": [
          "nix-doom-emacs-unstraightened"
        ],
        "nixpkgs-stable": [
          "nix-doom-emacs-unstraightened"
        ]
      },
      "locked": {
        "lastModified": 1783594576,
        "narHash": "sha256-MBj5rWdvqGJftQ1GLaH7gI9MWZhD7TW/Lwjwc2D0LkQ=",
        "owner": "nix-community",
        "repo": "emacs-overlay",
        "rev": "381117114ff001e4ab8a4c3b9996a628866380cf",
        "type": "github"
      },
      "original": {
        "owner": "nix-community",
        "repo": "emacs-overlay",
        "type": "github"
      }
    },
    "flake-file": {
      "locked": {
        "lastModified": 1781217157,
        "narHash": "sha256-N3q/SP2Ropk336e9KSgLh7kpROY6P70dprYdbPIfd5c=",
        "owner": "denful",
        "repo": "flake-file",
        "rev": "ce63eaf7ebfe04a176653f66385a7f0a36380cee",
        "type": "github"
      },
      "original": {
        "owner": "denful",
        "repo": "flake-file",
        "type": "github"
      }
    },
    "flake-parts": {
      "inputs": {
        "nixpkgs-lib": [
          "nixpkgs"
        ]
      },
      "locked": {
        "lastModified": 1782949081,
        "narHash": "sha256-vp6Y/Grm98ESt6ceOkWiHWyZRDV3J1RID4w+6NWK9yA=",
        "owner": "hercules-ci",
        "repo": "flake-parts",
        "rev": "17c9d6cdfc60c64f4ee8d306f9bc0b4ccb51481e",
        "type": "github"
      },
      "original": {
        "owner": "hercules-ci",
        "repo": "flake-parts",
        "type": "github"
      }
    },
    "flake-parts_2": {
      "inputs": {
        "nixpkgs-lib": "nixpkgs-lib"
      },
      "locked": {
        "lastModified": 1763759067,
        "narHash": "sha256-LlLt2Jo/gMNYAwOgdRQBrsRoOz7BPRkzvNaI/fzXi2Q=",
        "owner": "hercules-ci",
        "repo": "flake-parts",
        "rev": "2cccadc7357c0ba201788ae99c4dfa90728ef5e0",
        "type": "github"
      },
      "original": {
        "owner": "hercules-ci",
        "repo": "flake-parts",
        "type": "github"
      }
    },
    "flake-parts_3": {
      "inputs": {
        "nixpkgs-lib": [
          "nur",
          "nixpkgs"
        ]
      },
      "locked": {
        "lastModified": 1733312601,
        "narHash": "sha256-4pDvzqnegAfRkPwO3wmwBhVi/Sye1mzps0zHWYnP88c=",
        "owner": "hercules-ci",
        "repo": "flake-parts",
        "rev": "205b12d8b7cd4802fbcb8e8ef6a0f1408781a4f9",
        "type": "github"
      },
      "original": {
        "owner": "hercules-ci",
        "repo": "flake-parts",
        "type": "github"
      }
    },
    "home-manager": {
      "inputs": {
        "nixpkgs": [
          "nixpkgs"
        ]
      },
      "locked": {
        "lastModified": 1783740085,
        "narHash": "sha256-qajyHfZY29G2oEQk+uHxmsJcRoBUBXP9maTpFlwP/dI=",
        "owner": "nix-community",
        "repo": "home-manager",
        "rev": "3cd22efe6471dc7365c822bd9ad73a21e55f38fb",
        "type": "github"
      },
      "original": {
        "owner": "nix-community",
        "ref": "release-26.05",
        "repo": "home-manager",
        "type": "github"
      }
    },
    "import-tree": {
      "locked": {
        "lastModified": 1778781969,
        "narHash": "sha256-Jjuz5CmSkur8KvLDoGa+vylEp+RkQtv4mt/qcMznpH0=",
        "owner": "vic",
        "repo": "import-tree",
        "rev": "d321337efd0f23a9eb14a42adb7b2c29313ab274",
        "type": "github"
      },
      "original": {
        "owner": "vic",
        "repo": "import-tree",
        "type": "github"
      }
    },
    "lem": {
      "inputs": {
        "flake-parts": "flake-parts_2",
        "nixpkgs": [
          "nixpkgs"
        ]
      },
      "locked": {
        "lastModified": 1783060135,
        "narHash": "sha256-Rl0py/WQgbp8wyXAat8cV7h710j0iU6Fs+W70Ry/fhM=",
        "owner": "lem-project",
        "repo": "lem",
        "rev": "6f26c60cb13344d7d7191f968007926281fb6efa",
        "type": "github"
      },
      "original": {
        "owner": "lem-project",
        "repo": "lem",
        "type": "github"
      }
    },
    "nix-doom-emacs-unstraightened": {
      "inputs": {
        "doomdir": "doomdir",
        "doomemacs": "doomemacs",
        "doomemacs-modules": "doomemacs-modules",
        "emacs-overlay": "emacs-overlay",
        "nixpkgs": [],
        "systems": "systems"
      },
      "locked": {
        "lastModified": 1783744084,
        "narHash": "sha256-eQ+396R8n0uzqKpjb+iU0ZWu4wshE4v7qKFYVw1EBxc=",
        "owner": "marienz",
        "repo": "nix-doom-emacs-unstraightened",
        "rev": "d7124b78e8e30c35152a5eeae1fe18a760b81a94",
        "type": "github"
      },
      "original": {
        "owner": "marienz",
        "repo": "nix-doom-emacs-unstraightened",
        "type": "github"
      }
    },
    "nixos-hardware": {
      "inputs": {
        "nixpkgs": [
          "nixpkgs"
        ]
      },
      "locked": {
        "lastModified": 1783692676,
        "narHash": "sha256-6FXlRphexzMo3HpoN0NxEl7uQoE8llWeNJrD8NMA/CY=",
        "owner": "NixOS",
        "repo": "nixos-hardware",
        "rev": "4471c6a218fe813ad4838c400866c8845d3eba6b",
        "type": "github"
      },
      "original": {
        "owner": "NixOS",
        "repo": "nixos-hardware",
        "type": "github"
      }
    },
    "nixpkgs": {
      "locked": {
        "lastModified": 1783549019,
        "narHash": "sha256-0XnckG4ZhBmAsYa9mLuEIFowBG0fDGPLHduQGsbMS4A=",
        "owner": "nixos",
        "repo": "nixpkgs",
        "rev": "74cc63f702f7d60a557e152a57b40fb1fd0f72ac",
        "type": "github"
      },
      "original": {
        "owner": "nixos",
        "ref": "nixos-26.05",
        "repo": "nixpkgs",
        "type": "github"
      }
    },
    "nixpkgs-lib": {
      "locked": {
        "lastModified": 1761765539,
        "narHash": "sha256-b0yj6kfvO8ApcSE+QmA6mUfu8IYG6/uU28OFn4PaC8M=",
        "owner": "nix-community",
        "repo": "nixpkgs.lib",
        "rev": "719359f4562934ae99f5443f20aa06c2ffff91fc",
        "type": "github"
      },
      "original": {
        "owner": "nix-community",
        "repo": "nixpkgs.lib",
        "type": "github"
      }
    },
    "nixpkgs-unstable": {
      "locked": {
        "lastModified": 1783522502,
        "narHash": "sha256-iffAls3iaNTyJC2faYcUXSI+Gp02cDjYl+MygxKl2GI=",
        "owner": "nixos",
        "repo": "nixpkgs",
        "rev": "0bb7ec54c8483066ec9d7720e780a5caa71f8612",
        "type": "github"
      },
      "original": {
        "owner": "nixos",
        "ref": "nixos-unstable",
        "repo": "nixpkgs",
        "type": "github"
      }
    },
    "nixpkgs_2": {
      "locked": {
        "lastModified": 1780902259,
        "narHash": "sha256-q8yYEC5f1mFlQO9RGna4LTc9QrcvWunX6FYp83munkQ=",
        "owner": "NixOS",
        "repo": "nixpkgs",
        "rev": "bd0ff2d3eac24699c3664d5966b9ef36f388e2ca",
        "type": "github"
      },
      "original": {
        "owner": "NixOS",
        "ref": "nixos-26.05",
        "repo": "nixpkgs",
        "type": "github"
      }
    },
    "nixpkgs_3": {
      "locked": {
        "lastModified": 1744536153,
        "narHash": "sha256-awS2zRgF4uTwrOKwwiJcByDzDOdo3Q1rPZbiHQg/N38=",
        "owner": "NixOS",
        "repo": "nixpkgs",
        "rev": "18dd725c29603f582cf1900e0d25f9f1063dbf11",
        "type": "github"
      },
      "original": {
        "owner": "NixOS",
        "ref": "nixpkgs-unstable",
        "repo": "nixpkgs",
        "type": "github"
      }
    },
    "nur": {
      "inputs": {
        "flake-parts": "flake-parts_3",
        "nixpkgs": [
          "nixpkgs"
        ]
      },
      "locked": {
        "lastModified": 1783743563,
        "narHash": "sha256-jmzBClwCnfTZJBszCcuhdud8gqlJ0Ms3uYs8F6rw9Sc=",
        "owner": "nix-community",
        "repo": "NUR",
        "rev": "306bcc144f72623c7c6a4ae200a26448cdf87d25",
        "type": "github"
      },
      "original": {
        "owner": "nix-community",
        "repo": "NUR",
        "type": "github"
      }
    },
    "root": {
      "inputs": {
        "den": "den",
        "disko": "disko",
        "flake-file": "flake-file",
        "flake-parts": "flake-parts",
        "home-manager": "home-manager",
        "import-tree": "import-tree",
        "lem": "lem",
        "nix-doom-emacs-unstraightened": "nix-doom-emacs-unstraightened",
        "nixos-hardware": "nixos-hardware",
        "nixpkgs": "nixpkgs",
        "nixpkgs-unstable": "nixpkgs-unstable",
        "nur": "nur",
        "zed-extensions": "zed-extensions"
      }
    },
    "rust-overlay": {
      "inputs": {
        "nixpkgs": "nixpkgs_3"
      },
      "locked": {
        "lastModified": 1781234414,
        "narHash": "sha256-HdA+P4fKRGOomkewnI/Tww5Wz4xK1O7+hDO90YAsPB4=",
        "owner": "oxalica",
        "repo": "rust-overlay",
        "rev": "1d18bfe3de6244c641ca4e8011186d0981b81d76",
        "type": "github"
      },
      "original": {
        "owner": "oxalica",
        "repo": "rust-overlay",
        "type": "github"
      }
    },
    "systems": {
      "locked": {
        "lastModified": 1681028828,
        "narHash": "sha256-Vy1rq5AaRuLzOxct8nz4T6wlgyUR7zLU309k9mBC768=",
        "owner": "nix-systems",
        "repo": "default",
        "rev": "da67096a3b9bf56a91d16901293e51ba5b49a27e",
        "type": "github"
      },
      "original": {
        "owner": "nix-systems",
        "repo": "default",
        "type": "github"
      }
    },
    "zed-extensions": {
      "inputs": {
        "nixpkgs": "nixpkgs_2",
        "rust-overlay": "rust-overlay"
      },
      "locked": {
        "lastModified": 1783665970,
        "narHash": "sha256-VipHUnxaGBjEZwB6cTDUqe09R9DR9g99p21uwM/Xr9A=",
        "owner": "DuskSystems",
        "repo": "nix-zed-extensions",
        "rev": "6502114956eba2c5ac2c6a02c3a62ce6ed439e34",
        "type": "github"
      },
      "original": {
        "owner": "DuskSystems",
        "repo": "nix-zed-extensions",
        "type": "github"
      }
    }
  },
  "root": "root",
  "version": 7
}
